
Microsoft Visual Studio Solution File, Format Version 12.00
# Visual Studio Version 17
VisualStudioVersion = 17.8.34316.72
MinimumVisualStudioVersion = 10.0.40219.1
Project("{FAE04EC0-301F-11D3-BF4B-00C04F79EFBC}") = "LambdaStatements", "LambdaStatements\LambdaStatements.csproj", "{475DD826-F617-4B88-A2A1-75A97D0DE50D}"
EndProject
Global
	GlobalSection(SolutionConfigurationPlatforms) = preSolution
		Debug|Any CPU = Debug|Any CPU
		Release|Any CPU = Release|Any CPU
	EndGlobalSection
	GlobalSection(ProjectConfigurationPlatforms) = postSolution
		{475DD826-F617-4B88-A2A1-75A97D0DE50D}.Debug|Any CPU.ActiveCfg = Debug|Any CPU
		{475DD826-F617-4B88-A2A1-75A97D0DE50D}.Debug|Any CPU.Build.0 = Debug|Any CPU
		{475DD826-F617-4B88-A2A1-75A97D0DE50D}.Release|Any CPU.ActiveCfg = Release|Any CPU
		{475DD826-F617-4B88-A2A1-75A97D0DE50D}.Release|Any CPU.Build.0 = Release|Any CPU
	EndGlobalSection
	GlobalSection(SolutionProperties) = preSolution
		HideSolutionNode = FALSE
	EndGlobalSection
	GlobalSection(ExtensibilityGlobals) = postSolution
		SolutionGuid = {61B740A0-0615-4F6B-9DDE-10F7112AA630}
	EndGlobalSection
EndGlobal
